
Microsoft Visual Studio Solution File, Format Version 12.00
# Visual Studio 15
VisualStudioVersion = 15.0.28010.2041
MinimumVisualStudioVersion = 10.0.40219.1
Project("{9A19103F-16F7-4668-BE54-9A1E7A4F7556}") = "Docodo", "Docodo\Docodo.csproj", "{88149718-0468-4A24-9DB8-229B3F2B86D8}"
EndProject
Project("{9A19103F-16F7-4668-BE54-9A1E7A4F7556}") = "Docodo.NET", "Docodo\Docodo.NET\Docodo.NET.csproj", "{15B09E57-1A9F-4802-8B73-506FF0167A22}"
EndProject
Project("{9A19103F-16F7-4668-BE54-9A1E7A4F7556}") = "XUnitDocodoTest", "Docodo\XUnitDocodoTest\XUnitDocodoTest.csproj", "{6CEE9567-40A8-40D4-8903-D7ACB7AC540D}"
EndProject
Project("{9A19103F-16F7-4668-BE54-9A1E7A4F7556}") = "SearchServer", "SearchServer\SearchServer.csproj", "{B4078B13-3D7D-41FC-8361-B7EFBADEF979}"
EndProject
Project("{9A19103F-16F7-4668-BE54-9A1E7A4F7556}") = "DjvuNetZ", "DjvuNetZ\DjvuNetZ.csproj", "{3BA34450-272E-470C-8245-B9A4F50AD58E}"
EndProject
Project("{9A19103F-16F7-4668-BE54-9A1E7A4F7556}") = "NUnitServerTest", "NUnitServerTest\NUnitServerTest.csproj", "{41DA4318-7C71-4EA8-AA69-DCD76AC809EA}"
EndProject
Project("{9A19103F-16F7-4668-BE54-9A1E7A4F7556}") = "Typography.OpenFont", "Typography\Build\NetStandard\Typography.OpenFont\Typography.OpenFont.csproj", "{70F28B1B-1112-458A-9E5F-72C14A6A7B00}"
EndProject
Global
	GlobalSection(SolutionConfigurationPlatforms) = preSolution
		Debug|Any CPU = Debug|Any CPU
		Debug|arm = Debug|arm
		Debug|arm64 = Debug|arm64
		Debug|iPhone = Debug|iPhone
		Debug|iPhoneSimulator = Debug|iPhoneSimulator
		Debug|x64 = Debug|x64
		Debug|x86 = Debug|x86
		Release|Any CPU = Release|Any CPU
		Release|arm = Release|arm
		Release|arm64 = Release|arm64
		Release|iPhone = Release|iPhone
		Release|iPhoneSimulator = Release|iPhoneSimulator
		Release|x64 = Release|x64
		Release|x86 = Release|x86
	EndGlobalSection
	GlobalSection(ProjectConfigurationPlatforms) = postSolution
		{88149718-0468-4A24-9DB8-229B3F2B86D8}.Debug|Any CPU.ActiveCfg = Debug|Any CPU
		{88149718-0468-4A24-9DB8-229B3F2B86D8}.Debug|Any CPU.Build.0 = Debug|Any CPU
		{88149718-0468-4A24-9DB8-229B3F2B86D8}.Debug|arm.ActiveCfg = Debug|Any CPU
		{88149718-0468-4A24-9DB8-229B3F2B86D8}.Debug|arm.Build.0 = Debug|Any CPU
		{88149718-0468-4A24-9DB8-229B3F2B86D8}.Debug|arm64.ActiveCfg = Debug|Any CPU
		{88149718-0468-4A24-9DB8-229B3F2B86D8}.Debug|arm64.Build.0 = Debug|Any CPU
		{88149718-0468-4A24-9DB8-229B3F2B86D8}.Debug|iPhone.ActiveCfg = Debug|Any CPU
		{88149718-0468-4A24-9DB8-229B3F2B86D8}.Debug|iPhone.Build.0 = Debug|Any CPU
		{88149718-0468-4A24-9DB8-229B3F2B86D8}.Debug|iPhoneSimulator.ActiveCfg = Debug|Any CPU
		{88149718-0468-4A24-9DB8-229B3F2B86D8}.Debug|iPhoneSimulator.Build.0 = Debug|Any CPU
		{88149718-0468-4A24-9DB8-229B3F2B86D8}.Debug|x64.ActiveCfg = Debug|x64
		{88149718-0468-4A24-9DB8-229B3F2B86D8}.Debug|x64.Build.0 = Debug|x64
		{88149718-0468-4A24-9DB8-229B3F2B86D8}.Debug|x86.ActiveCfg = Debug|Any CPU
		{88149718-0468-4A24-9DB8-229B3F2B86D8}.Debug|x86.Build.0 = Debug|Any CPU
		{88149718-0468-4A24-9DB8-229B3F2B86D8}.Release|Any CPU.ActiveCfg = Release|Any CPU
		{88149718-0468-4A24-9DB8-229B3F2B86D8}.Release|Any CPU.Build.0 = Release|Any CPU
		{88149718-0468-4A24-9DB8-229B3F2B86D8}.Release|arm.ActiveCfg = Release|Any CPU
		{88149718-0468-4A24-9DB8-229B3F2B86D8}.Release|arm.Build.0 = Release|Any CPU
		{88149718-0468-4A24-9DB8-229B3F2B86D8}.Release|arm64.ActiveCfg = Release|Any CPU
		{88149718-0468-4A24-9DB8-229B3F2B86D8}.Release|arm64.Build.0 = Release|Any CPU
		{88149718-0468-4A24-9DB8-229B3F2B86D8}.Release|iPhone.ActiveCfg = Release|Any CPU
		{88149718-0468-4A24-9DB8-229B3F2B86D8}.Release|iPhone.Build.0 = Release|Any CPU
		{88149718-0468-4A24-9DB8-229B3F2B86D8}.Release|iPhoneSimulator.ActiveCfg = Release|Any CPU
		{88149718-0468-4A24-9DB8-229B3F2B86D8}.Release|iPhoneSimulator.Build.0 = Release|Any CPU
		{88149718-0468-4A24-9DB8-229B3F2B86D8}.Release|x64.ActiveCfg = Release|x64
		{88149718-0468-4A24-9DB8-229B3F2B86D8}.Release|x64.Build.0 = Release|x64
		{88149718-0468-4A24-9DB8-229B3F2B86D8}.Release|x86.ActiveCfg = Release|Any CPU
		{88149718-0468-4A24-9DB8-229B3F2B86D8}.Release|x86.Build.0 = Release|Any CPU
		{15B09E57-1A9F-4802-8B73-506FF0167A22}.Debug|Any CPU.ActiveCfg = Debug|Any CPU
		{15B09E57-1A9F-4802-8B73-506FF0167A22}.Debug|Any CPU.Build.0 = Debug|Any CPU
		{15B09E57-1A9F-4802-8B73-506FF0167A22}.Debug|arm.ActiveCfg = Debug|Any CPU
		{15B09E57-1A9F-4802-8B73-506FF0167A22}.Debug|arm.Build.0 = Debug|Any CPU
		{15B09E57-1A9F-4802-8B73-506FF0167A22}.Debug|arm64.ActiveCfg = Debug|Any CPU
		{15B09E57-1A9F-4802-8B73-506FF0167A22}.Debug|arm64.Build.0 = Debug|Any CPU
		{15B09E57-1A9F-4802-8B73-506FF0167A22}.Debug|iPhone.ActiveCfg = Debug|Any CPU
		{15B09E57-1A9F-4802-8B73-506FF0167A22}.Debug|iPhone.Build.0 = Debug|Any CPU
		{15B09E57-1A9F-4802-8B73-506FF0167A22}.Debug|iPhoneSimulator.ActiveCfg = Debug|Any CPU
		{15B09E57-1A9F-4802-8B73-506FF0167A22}.Debug|iPhoneSimulator.Build.0 = Debug|Any CPU
		{15B09E57-1A9F-4802-8B73-506FF0167A22}.Debug|x64.ActiveCfg = Debug|Any CPU
		{15B09E57-1A9F-4802-8B73-506FF0167A22}.Debug|x64.Build.0 = Debug|Any CPU
		{15B09E57-1A9F-4802-8B73-506FF0167A22}.Debug|x86.ActiveCfg = Debug|Any CPU
		{15B09E57-1A9F-4802-8B73-506FF0167A22}.Debug|x86.Build.0 = Debug|Any CPU
		{15B09E57-1A9F-4802-8B73-506FF0167A22}.Release|Any CPU.ActiveCfg = Release|Any CPU
		{15B09E57-1A9F-4802-8B73-506FF0167A22}.Release|Any CPU.Build.0 = Release|Any CPU
		{15B09E57-1A9F-4802-8B73-506FF0167A22}.Release|arm.ActiveCfg = Release|Any CPU
		{15B09E57-1A9F-4802-8B73-506FF0167A22}.Release|arm.Build.0 = Release|Any CPU
		{15B09E57-1A9F-4802-8B73-506FF0167A22}.Release|arm64.ActiveCfg = Release|Any CPU
		{15B09E57-1A9F-4802-8B73-506FF0167A22}.Release|arm64.Build.0 = Release|Any CPU
		{15B09E57-1A9F-4802-8B73-506FF0167A22}.Release|iPhone.ActiveCfg = Release|Any CPU
		{15B09E57-1A9F-4802-8B73-506FF0167A22}.Release|iPhone.Build.0 = Release|Any CPU
		{15B09E57-1A9F-4802-8B73-506FF0167A22}.Release|iPhoneSimulator.ActiveCfg = Release|Any CPU
		{15B09E57-1A9F-4802-8B73-506FF0167A22}.Release|iPhoneSimulator.Build.0 = Release|Any CPU
		{15B09E57-1A9F-4802-8B73-506FF0167A22}.Release|x64.ActiveCfg = Release|Any CPU
		{15B09E57-1A9F-4802-8B73-506FF0167A22}.Release|x64.Build.0 = Release|Any CPU
		{15B09E57-1A9F-4802-8B73-506FF0167A22}.Release|x86.ActiveCfg = Release|Any CPU
		{15B09E57-1A9F-4802-8B73-506FF0167A22}.Release|x86.Build.0 = Release|Any CPU
		{6CEE9567-40A8-40D4-8903-D7ACB7AC540D}.Debug|Any CPU.ActiveCfg = Debug|Any CPU
		{6CEE9567-40A8-40D4-8903-D7ACB7AC540D}.Debug|Any CPU.Build.0 = Debug|Any CPU
		{6CEE9567-40A8-40D4-8903-D7ACB7AC540D}.Debug|arm.ActiveCfg = Debug|Any CPU
		{6CEE9567-40A8-40D4-8903-D7ACB7AC540D}.Debug|arm.Build.0 = Debug|Any CPU
		{6CEE9567-40A8-40D4-8903-D7ACB7AC540D}.Debug|arm64.ActiveCfg = Debug|Any CPU
		{6CEE9567-40A8-40D4-8903-D7ACB7AC540D}.Debug|arm64.Build.0 = Debug|Any CPU
		{6CEE9567-40A8-40D4-8903-D7ACB7AC540D}.Debug|iPhone.ActiveCfg = Debug|Any CPU
		{6CEE9567-40A8-40D4-8903-D7ACB7AC540D}.Debug|iPhone.Build.0 = Debug|Any CPU
		{6CEE9567-40A8-40D4-8903-D7ACB7AC540D}.Debug|iPhoneSimulator.ActiveCfg = Debug|Any CPU
		{6CEE9567-40A8-40D4-8903-D7ACB7AC540D}.Debug|iPhoneSimulator.Build.0 = Debug|Any CPU
		{6CEE9567-40A8-40D4-8903-D7ACB7AC540D}.Debug|x64.ActiveCfg = Debug|Any CPU
		{6CEE9567-40A8-40D4-8903-D7ACB7AC540D}.Debug|x64.Build.0 = Debug|Any CPU
		{6CEE9567-40A8-40D4-8903-D7ACB7AC540D}.Debug|x86.ActiveCfg = Debug|Any CPU
		{6CEE9567-40A8-40D4-8903-D7ACB7AC540D}.Debug|x86.Build.0 = Debug|Any CPU
		{6CEE9567-40A8-40D4-8903-D7ACB7AC540D}.Release|Any CPU.ActiveCfg = Release|Any CPU
		{6CEE9567-40A8-40D4-8903-D7ACB7AC540D}.Release|Any CPU.Build.0 = Release|Any CPU
		{6CEE9567-40A8-40D4-8903-D7ACB7AC540D}.Release|arm.ActiveCfg = Release|Any CPU
		{6CEE9567-40A8-40D4-8903-D7ACB7AC540D}.Release|arm.Build.0 = Release|Any CPU
		{6CEE9567-40A8-40D4-8903-D7ACB7AC540D}.Release|arm64.ActiveCfg = Release|Any CPU
		{6CEE9567-40A8-40D4-8903-D7ACB7AC540D}.Release|arm64.Build.0 = Release|Any CPU
		{6CEE9567-40A8-40D4-8903-D7ACB7AC540D}.Release|iPhone.ActiveCfg = Release|Any CPU
		{6CEE9567-40A8-40D4-8903-D7ACB7AC540D}.Release|iPhone.Build.0 = Release|Any CPU
		{6CEE9567-40A8-40D4-8903-D7ACB7AC540D}.Release|iPhoneSimulator.ActiveCfg = Release|Any CPU
		{6CEE9567-40A8-40D4-8903-D7ACB7AC540D}.Release|iPhoneSimulator.Build.0 = Release|Any CPU
		{6CEE9567-40A8-40D4-8903-D7ACB7AC540D}.Release|x64.ActiveCfg = Release|Any CPU
		{6CEE9567-40A8-40D4-8903-D7ACB7AC540D}.Release|x64.Build.0 = Release|Any CPU
		{6CEE9567-40A8-40D4-8903-D7ACB7AC540D}.Release|x86.ActiveCfg = Release|Any CPU
		{6CEE9567-40A8-40D4-8903-D7ACB7AC540D}.Release|x86.Build.0 = Release|Any CPU
		{B4078B13-3D7D-41FC-8361-B7EFBADEF979}.Debug|Any CPU.ActiveCfg = Debug|Any CPU
		{B4078B13-3D7D-41FC-8361-B7EFBADEF979}.Debug|Any CPU.Build.0 = Debug|Any CPU
		{B4078B13-3D7D-41FC-8361-B7EFBADEF979}.Debug|arm.ActiveCfg = Debug|Any CPU
		{B4078B13-3D7D-41FC-8361-B7EFBADEF979}.Debug|arm.Build.0 = Debug|Any CPU
		{B4078B13-3D7D-41FC-8361-B7EFBADEF979}.Debug|arm64.ActiveCfg = Debug|Any CPU
		{B4078B13-3D7D-41FC-8361-B7EFBADEF979}.Debug|arm64.Build.0 = Debug|Any CPU
		{B4078B13-3D7D-41FC-8361-B7EFBADEF979}.Debug|iPhone.ActiveCfg = Debug|Any CPU
		{B4078B13-3D7D-41FC-8361-B7EFBADEF979}.Debug|iPhone.Build.0 = Debug|Any CPU
		{B4078B13-3D7D-41FC-8361-B7EFBADEF979}.Debug|iPhoneSimulator.ActiveCfg = Debug|Any CPU
		{B4078B13-3D7D-41FC-8361-B7EFBADEF979}.Debug|iPhoneSimulator.Build.0 = Debug|Any CPU
		{B4078B13-3D7D-41FC-8361-B7EFBADEF979}.Debug|x64.ActiveCfg = Debug|Any CPU
		{B4078B13-3D7D-41FC-8361-B7EFBADEF979}.Debug|x64.Build.0 = Debug|Any CPU
		{B4078B13-3D7D-41FC-8361-B7EFBADEF979}.Debug|x86.ActiveCfg = Debug|Any CPU
		{B4078B13-3D7D-41FC-8361-B7EFBADEF979}.Debug|x86.Build.0 = Debug|Any CPU
		{B4078B13-3D7D-41FC-8361-B7EFBADEF979}.Release|Any CPU.ActiveCfg = Release|Any CPU
		{B4078B13-3D7D-41FC-8361-B7EFBADEF979}.Release|Any CPU.Build.0 = Release|Any CPU
		{B4078B13-3D7D-41FC-8361-B7EFBADEF979}.Release|arm.ActiveCfg = Release|Any CPU
		{B4078B13-3D7D-41FC-8361-B7EFBADEF979}.Release|arm.Build.0 = Release|Any CPU
		{B4078B13-3D7D-41FC-8361-B7EFBADEF979}.Release|arm64.ActiveCfg = Release|Any CPU
		{B4078B13-3D7D-41FC-8361-B7EFBADEF979}.Release|arm64.Build.0 = Release|Any CPU
		{B4078B13-3D7D-41FC-8361-B7EFBADEF979}.Release|iPhone.ActiveCfg = Release|Any CPU
		{B4078B13-3D7D-41FC-8361-B7EFBADEF979}.Release|iPhone.Build.0 = Release|Any CPU
		{B4078B13-3D7D-41FC-8361-B7EFBADEF979}.Release|iPhoneSimulator.ActiveCfg = Release|Any CPU
		{B4078B13-3D7D-41FC-8361-B7EFBADEF979}.Release|iPhoneSimulator.Build.0 = Release|Any CPU
		{B4078B13-3D7D-41FC-8361-B7EFBADEF979}.Release|x64.ActiveCfg = Release|Any CPU
		{B4078B13-3D7D-41FC-8361-B7EFBADEF979}.Release|x64.Build.0 = Release|Any CPU
		{B4078B13-3D7D-41FC-8361-B7EFBADEF979}.Release|x86.ActiveCfg = Release|Any CPU
		{B4078B13-3D7D-41FC-8361-B7EFBADEF979}.Release|x86.Build.0 = Release|Any CPU
		{3BA34450-272E-470C-8245-B9A4F50AD58E}.Debug|Any CPU.ActiveCfg = Debug|Any CPU
		{3BA34450-272E-470C-8245-B9A4F50AD58E}.Debug|Any CPU.Build.0 = Debug|Any CPU
		{3BA34450-272E-470C-8245-B9A4F50AD58E}.Debug|arm.ActiveCfg = Debug|Any CPU
		{3BA34450-272E-470C-8245-B9A4F50AD58E}.Debug|arm.Build.0 = Debug|Any CPU
		{3BA34450-272E-470C-8245-B9A4F50AD58E}.Debug|arm64.ActiveCfg = Debug|Any CPU
		{3BA34450-272E-470C-8245-B9A4F50AD58E}.Debug|arm64.Build.0 = Debug|Any CPU
		{3BA34450-272E-470C-8245-B9A4F50AD58E}.Debug|iPhone.ActiveCfg = Debug|Any CPU
		{3BA34450-272E-470C-8245-B9A4F50AD58E}.Debug|iPhone.Build.0 = Debug|Any CPU
		{3BA34450-272E-470C-8245-B9A4F50AD58E}.Debug|iPhoneSimulator.ActiveCfg = Debug|Any CPU
		{3BA34450-272E-470C-8245-B9A4F50AD58E}.Debug|iPhoneSimulator.Build.0 = Debug|Any CPU
		{3BA34450-272E-470C-8245-B9A4F50AD58E}.Debug|x64.ActiveCfg = Debug|Any CPU
		{3BA34450-272E-470C-8245-B9A4F50AD58E}.Debug|x64.Build.0 = Debug|Any CPU
		{3BA34450-272E-470C-8245-B9A4F50AD58E}.Debug|x86.ActiveCfg = Debug|Any CPU
		{3BA34450-272E-470C-8245-B9A4F50AD58E}.Debug|x86.Build.0 = Debug|Any CPU
		{3BA34450-272E-470C-8245-B9A4F50AD58E}.Release|Any CPU.ActiveCfg = Release|Any CPU
		{3BA34450-272E-470C-8245-B9A4F50AD58E}.Release|Any CPU.Build.0 = Release|Any CPU
		{3BA34450-272E-470C-8245-B9A4F50AD58E}.Release|arm.ActiveCfg = Release|Any CPU
		{3BA34450-272E-470C-8245-B9A4F50AD58E}.Release|arm.Build.0 = Release|Any CPU
		{3BA34450-272E-470C-8245-B9A4F50AD58E}.Release|arm64.ActiveCfg = Release|Any CPU
		{3BA34450-272E-470C-8245-B9A4F50AD58E}.Release|arm64.Build.0 = Release|Any CPU
		{3BA34450-272E-470C-8245-B9A4F50AD58E}.Release|iPhone.ActiveCfg = Release|Any CPU
		{3BA34450-272E-470C-8245-B9A4F50AD58E}.Release|iPhone.Build.0 = Release|Any CPU
		{3BA34450-272E-470C-8245-B9A4F50AD58E}.Release|iPhoneSimulator.ActiveCfg = Release|Any CPU
		{3BA34450-272E-470C-8245-B9A4F50AD58E}.Release|iPhoneSimulator.Build.0 = Release|Any CPU
		{3BA34450-272E-470C-8245-B9A4F50AD58E}.Release|x64.ActiveCfg = Release|Any CPU
		{3BA34450-272E-470C-8245-B9A4F50AD58E}.Release|x64.Build.0 = Release|Any CPU
		{3BA34450-272E-470C-8245-B9A4F50AD58E}.Release|x86.ActiveCfg = Release|Any CPU
		{3BA34450-272E-470C-8245-B9A4F50AD58E}.Release|x86.Build.0 = Release|Any CPU
		{41DA4318-7C71-4EA8-AA69-DCD76AC809EA}.Debug|Any CPU.ActiveCfg = Debug|Any CPU
		{41DA4318-7C71-4EA8-AA69-DCD76AC809EA}.Debug|Any CPU.Build.0 = Debug|Any CPU
		{41DA4318-7C71-4EA8-AA69-DCD76AC809EA}.Debug|arm.ActiveCfg = Debug|Any CPU
		{41DA4318-7C71-4EA8-AA69-DCD76AC809EA}.Debug|arm.Build.0 = Debug|Any CPU
		{41DA4318-7C71-4EA8-AA69-DCD76AC809EA}.Debug|arm64.ActiveCfg = Debug|Any CPU
		{41DA4318-7C71-4EA8-AA69-DCD76AC809EA}.Debug|arm64.Build.0 = Debug|Any CPU
		{41DA4318-7C71-4EA8-AA69-DCD76AC809EA}.Debug|iPhone.ActiveCfg = Debug|Any CPU
		{41DA4318-7C71-4EA8-AA69-DCD76AC809EA}.Debug|iPhone.Build.0 = Debug|Any CPU
		{41DA4318-7C71-4EA8-AA69-DCD76AC809EA}.Debug|iPhoneSimulator.ActiveCfg = Debug|Any CPU
		{41DA4318-7C71-4EA8-AA69-DCD76AC809EA}.Debug|iPhoneSimulator.Build.0 = Debug|Any CPU
		{41DA4318-7C71-4EA8-AA69-DCD76AC809EA}.Debug|x64.ActiveCfg = Debug|Any CPU
		{41DA4318-7C71-4EA8-AA69-DCD76AC809EA}.Debug|x64.Build.0 = Debug|Any CPU
		{41DA4318-7C71-4EA8-AA69-DCD76AC809EA}.Debug|x86.ActiveCfg = Debug|Any CPU
		{41DA4318-7C71-4EA8-AA69-DCD76AC809EA}.Debug|x86.Build.0 = Debug|Any CPU
		{41DA4318-7C71-4EA8-AA69-DCD76AC809EA}.Release|Any CPU.ActiveCfg = Release|Any CPU
		{41DA4318-7C71-4EA8-AA69-DCD76AC809EA}.Release|Any CPU.Build.0 = Release|Any CPU
		{41DA4318-7C71-4EA8-AA69-DCD76AC809EA}.Release|arm.ActiveCfg = Release|Any CPU
		{41DA4318-7C71-4EA8-AA69-DCD76AC809EA}.Release|arm.Build.0 = Release|Any CPU
		{41DA4318-7C71-4EA8-AA69-DCD76AC809EA}.Release|arm64.ActiveCfg = Release|Any CPU
		{41DA4318-7C71-4EA8-AA69-DCD76AC809EA}.Release|arm64.Build.0 = Release|Any CPU
		{41DA4318-7C71-4EA8-AA69-DCD76AC809EA}.Release|iPhone.ActiveCfg = Release|Any CPU
		{41DA4318-7C71-4EA8-AA69-DCD76AC809EA}.Release|iPhone.Build.0 = Release|Any CPU
		{41DA4318-7C71-4EA8-AA69-DCD76AC809EA}.Release|iPhoneSimulator.ActiveCfg = Release|Any CPU
		{41DA4318-7C71-4EA8-AA69-DCD76AC809EA}.Release|iPhoneSimulator.Build.0 = Release|Any CPU
		{41DA4318-7C71-4EA8-AA69-DCD76AC809EA}.Release|x64.ActiveCfg = Release|Any CPU
		{41DA4318-7C71-4EA8-AA69-DCD76AC809EA}.Release|x64.Build.0 = Release|Any CPU
		{41DA4318-7C71-4EA8-AA69-DCD76AC809EA}.Release|x86.ActiveCfg = Release|Any CPU
		{41DA4318-7C71-4EA8-AA69-DCD76AC809EA}.Release|x86.Build.0 = Release|Any CPU
		{70F28B1B-1112-458A-9E5F-72C14A6A7B00}.Debug|Any CPU.ActiveCfg = Debug|Any CPU
		{70F28B1B-1112-458A-9E5F-72C14A6A7B00}.Debug|Any CPU.Build.0 = Debug|Any CPU
		{70F28B1B-1112-458A-9E5F-72C14A6A7B00}.Debug|arm.ActiveCfg = Debug|Any CPU
		{70F28B1B-1112-458A-9E5F-72C14A6A7B00}.Debug|arm.Build.0 = Debug|Any CPU
		{70F28B1B-1112-458A-9E5F-72C14A6A7B00}.Debug|arm64.ActiveCfg = Debug|Any CPU
		{70F28B1B-1112-458A-9E5F-72C14A6A7B00}.Debug|arm64.Build.0 = Debug|Any CPU
		{70F28B1B-1112-458A-9E5F-72C14A6A7B00}.Debug|iPhone.ActiveCfg = Debug|Any CPU
		{70F28B1B-1112-458A-9E5F-72C14A6A7B00}.Debug|iPhone.Build.0 = Debug|Any CPU
		{70F28B1B-1112-458A-9E5F-72C14A6A7B00}.Debug|iPhoneSimulator.ActiveCfg = Debug|Any CPU
		{70F28B1B-1112-458A-9E5F-72C14A6A7B00}.Debug|iPhoneSimulator.Build.0 = Debug|Any CPU
		{70F28B1B-1112-458A-9E5F-72C14A6A7B00}.Debug|x64.ActiveCfg = Debug|Any CPU
		{70F28B1B-1112-458A-9E5F-72C14A6A7B00}.Debug|x64.Build.0 = Debug|Any CPU
		{70F28B1B-1112-458A-9E5F-72C14A6A7B00}.Debug|x86.ActiveCfg = Debug|Any CPU
		{70F28B1B-1112-458A-9E5F-72C14A6A7B00}.Debug|x86.Build.0 = Debug|Any CPU
		{70F28B1B-1112-458A-9E5F-72C14A6A7B00}.Release|Any CPU.ActiveCfg = Release|Any CPU
		{70F28B1B-1112-458A-9E5F-72C14A6A7B00}.Release|Any CPU.Build.0 = Release|Any CPU
		{70F28B1B-1112-458A-9E5F-72C14A6A7B00}.Release|arm.ActiveCfg = Release|Any CPU
		{70F28B1B-1112-458A-9E5F-72C14A6A7B00}.Release|arm.Build.0 = Release|Any CPU
		{70F28B1B-1112-458A-9E5F-72C14A6A7B00}.Release|arm64.ActiveCfg = Release|Any CPU
		{70F28B1B-1112-458A-9E5F-72C14A6A7B00}.Release|arm64.Build.0 = Release|Any CPU
		{70F28B1B-1112-458A-9E5F-72C14A6A7B00}.Release|iPhone.ActiveCfg = Release|Any CPU
		{70F28B1B-1112-458A-9E5F-72C14A6A7B00}.Release|iPhone.Build.0 = Release|Any CPU
		{70F28B1B-1112-458A-9E5F-72C14A6A7B00}.Release|iPhoneSimulator.ActiveCfg = Release|Any CPU
		{70F28B1B-1112-458A-9E5F-72C14A6A7B00}.Release|iPhoneSimulator.Build.0 = Release|Any CPU
		{70F28B1B-1112-458A-9E5F-72C14A6A7B00}.Release|x64.ActiveCfg = Release|Any CPU
		{70F28B1B-1112-458A-9E5F-72C14A6A7B00}.Release|x64.Build.0 = Release|Any CPU
		{70F28B1B-1112-458A-9E5F-72C14A6A7B00}.Release|x86.ActiveCfg = Release|Any CPU
		{70F28B1B-1112-458A-9E5F-72C14A6A7B00}.Release|x86.Build.0 = Release|Any CPU
		{24CE3C36-16B9-426D-AA0C-5961ECF8D88C}.Debug|Any CPU.ActiveCfg = Debug|Any CPU
		{24CE3C36-16B9-426D-AA0C-5961ECF8D88C}.Debug|Any CPU.Build.0 = Debug|Any CPU
		{24CE3C36-16B9-426D-AA0C-5961ECF8D88C}.Debug|Any CPU.Deploy.0 = Debug|Any CPU
		{24CE3C36-16B9-426D-AA0C-5961ECF8D88C}.Debug|arm.ActiveCfg = Debug|Any CPU
		{24CE3C36-16B9-426D-AA0C-5961ECF8D88C}.Debug|arm.Build.0 = Debug|Any CPU
		{24CE3C36-16B9-426D-AA0C-5961ECF8D88C}.Debug|arm.Deploy.0 = Debug|Any CPU
		{24CE3C36-16B9-426D-AA0C-5961ECF8D88C}.Debug|arm64.ActiveCfg = Debug|Any CPU
		{24CE3C36-16B9-426D-AA0C-5961ECF8D88C}.Debug|arm64.Build.0 = Debug|Any CPU
		{24CE3C36-16B9-426D-AA0C-5961ECF8D88C}.Debug|arm64.Deploy.0 = Debug|Any CPU
		{24CE3C36-16B9-426D-AA0C-5961ECF8D88C}.Debug|iPhone.ActiveCfg = Debug|Any CPU
		{24CE3C36-16B9-426D-AA0C-5961ECF8D88C}.Debug|iPhone.Build.0 = Debug|Any CPU
		{24CE3C36-16B9-426D-AA0C-5961ECF8D88C}.Debug|iPhone.Deploy.0 = Debug|Any CPU
		{24CE3C36-16B9-426D-AA0C-5961ECF8D88C}.Debug|iPhoneSimulator.ActiveCfg = Debug|Any CPU
		{24CE3C36-16B9-426D-AA0C-5961ECF8D88C}.Debug|iPhoneSimulator.Build.0 = Debug|Any CPU
		{24CE3C36-16B9-426D-AA0C-5961ECF8D88C}.Debug|iPhoneSimulator.Deploy.0 = Debug|Any CPU
		{24CE3C36-16B9-426D-AA0C-5961ECF8D88C}.Debug|x64.ActiveCfg = Debug|Any CPU
		{24CE3C36-16B9-426D-AA0C-5961ECF8D88C}.Debug|x64.Build.0 = Debug|Any CPU
		{24CE3C36-16B9-426D-AA0C-5961ECF8D88C}.Debug|x64.Deploy.0 = Debug|Any CPU
		{24CE3C36-16B9-426D-AA0C-5961ECF8D88C}.Debug|x86.ActiveCfg = Debug|Any CPU
		{24CE3C36-16B9-426D-AA0C-5961ECF8D88C}.Debug|x86.Build.0 = Debug|Any CPU
		{24CE3C36-16B9-426D-AA0C-5961ECF8D88C}.Debug|x86.Deploy.0 = Debug|Any CPU
		{24CE3C36-16B9-426D-AA0C-5961ECF8D88C}.Release|Any CPU.ActiveCfg = Release|Any CPU
		{24CE3C36-16B9-426D-AA0C-5961ECF8D88C}.Release|Any CPU.Build.0 = Release|Any CPU
		{24CE3C36-16B9-426D-AA0C-5961ECF8D88C}.Release|Any CPU.Deploy.0 = Release|Any CPU
		{24CE3C36-16B9-426D-AA0C-5961ECF8D88C}.Release|arm.ActiveCfg = Release|Any CPU
		{24CE3C36-16B9-426D-AA0C-5961ECF8D88C}.Release|arm.Build.0 = Release|Any CPU
		{24CE3C36-16B9-426D-AA0C-5961ECF8D88C}.Release|arm.Deploy.0 = Release|Any CPU
		{24CE3C36-16B9-426D-AA0C-5961ECF8D88C}.Release|arm64.ActiveCfg = Release|Any CPU
		{24CE3C36-16B9-426D-AA0C-5961ECF8D88C}.Release|arm64.Build.0 = Release|Any CPU
		{24CE3C36-16B9-426D-AA0C-5961ECF8D88C}.Release|arm64.Deploy.0 = Release|Any CPU
		{24CE3C36-16B9-426D-AA0C-5961ECF8D88C}.Release|iPhone.ActiveCfg = Release|Any CPU
		{24CE3C36-16B9-426D-AA0C-5961ECF8D88C}.Release|iPhone.Build.0 = Release|Any CPU
		{24CE3C36-16B9-426D-AA0C-5961ECF8D88C}.Release|iPhone.Deploy.0 = Release|Any CPU
		{24CE3C36-16B9-426D-AA0C-5961ECF8D88C}.Release|iPhoneSimulator.ActiveCfg = Release|Any CPU
		{24CE3C36-16B9-426D-AA0C-5961ECF8D88C}.Release|iPhoneSimulator.Build.0 = Release|Any CPU
		{24CE3C36-16B9-426D-AA0C-5961ECF8D88C}.Release|iPhoneSimulator.Deploy.0 = Release|Any CPU
		{24CE3C36-16B9-426D-AA0C-5961ECF8D88C}.Release|x64.ActiveCfg = Release|Any CPU
		{24CE3C36-16B9-426D-AA0C-5961ECF8D88C}.Release|x64.Build.0 = Release|Any CPU
		{24CE3C36-16B9-426D-AA0C-5961ECF8D88C}.Release|x64.Deploy.0 = Release|Any CPU
		{24CE3C36-16B9-426D-AA0C-5961ECF8D88C}.Release|x86.ActiveCfg = Release|Any CPU
		{24CE3C36-16B9-426D-AA0C-5961ECF8D88C}.Release|x86.Build.0 = Release|Any CPU
		{24CE3C36-16B9-426D-AA0C-5961ECF8D88C}.Release|x86.Deploy.0 = Release|Any CPU
		{5C0DEDAE-01CF-45B4-B18C-CA3494614E66}.Debug|Any CPU.ActiveCfg = Debug|iPhone
		{5C0DEDAE-01CF-45B4-B18C-CA3494614E66}.Debug|arm.ActiveCfg = Debug|iPhone
		{5C0DEDAE-01CF-45B4-B18C-CA3494614E66}.Debug|arm64.ActiveCfg = Debug|iPhone
		{5C0DEDAE-01CF-45B4-B18C-CA3494614E66}.Debug|iPhone.ActiveCfg = Debug|iPhone
		{5C0DEDAE-01CF-45B4-B18C-CA3494614E66}.Debug|iPhone.Build.0 = Debug|iPhone
		{5C0DEDAE-01CF-45B4-B18C-CA3494614E66}.Debug|iPhoneSimulator.ActiveCfg = Debug|iPhoneSimulator
		{5C0DEDAE-01CF-45B4-B18C-CA3494614E66}.Debug|iPhoneSimulator.Build.0 = Debug|iPhoneSimulator
		{5C0DEDAE-01CF-45B4-B18C-CA3494614E66}.Debug|x64.ActiveCfg = Debug|iPhone
		{5C0DEDAE-01CF-45B4-B18C-CA3494614E66}.Debug|x86.ActiveCfg = Debug|iPhone
		{5C0DEDAE-01CF-45B4-B18C-CA3494614E66}.Release|Any CPU.ActiveCfg = Release|iPhone
		{5C0DEDAE-01CF-45B4-B18C-CA3494614E66}.Release|arm.ActiveCfg = Release|iPhone
		{5C0DEDAE-01CF-45B4-B18C-CA3494614E66}.Release|arm64.ActiveCfg = Release|iPhone
		{5C0DEDAE-01CF-45B4-B18C-CA3494614E66}.Release|iPhone.ActiveCfg = Release|iPhone
		{5C0DEDAE-01CF-45B4-B18C-CA3494614E66}.Release|iPhone.Build.0 = Release|iPhone
		{5C0DEDAE-01CF-45B4-B18C-CA3494614E66}.Release|iPhoneSimulator.ActiveCfg = Release|iPhoneSimulator
		{5C0DEDAE-01CF-45B4-B18C-CA3494614E66}.Release|iPhoneSimulator.Build.0 = Release|iPhoneSimulator
		{5C0DEDAE-01CF-45B4-B18C-CA3494614E66}.Release|x64.ActiveCfg = Release|iPhone
		{5C0DEDAE-01CF-45B4-B18C-CA3494614E66}.Release|x86.ActiveCfg = Release|iPhone
		{6F4EB91C-3861-4566-B36F-6E2329CFF827}.Debug|Any CPU.ActiveCfg = Debug|Any CPU
		{6F4EB91C-3861-4566-B36F-6E2329CFF827}.Debug|Any CPU.Build.0 = Debug|Any CPU
		{6F4EB91C-3861-4566-B36F-6E2329CFF827}.Debug|arm.ActiveCfg = Debug|Any CPU
		{6F4EB91C-3861-4566-B36F-6E2329CFF827}.Debug|arm.Build.0 = Debug|Any CPU
		{6F4EB91C-3861-4566-B36F-6E2329CFF827}.Debug|arm64.ActiveCfg = Debug|Any CPU
		{6F4EB91C-3861-4566-B36F-6E2329CFF827}.Debug|arm64.Build.0 = Debug|Any CPU
		{6F4EB91C-3861-4566-B36F-6E2329CFF827}.Debug|iPhone.ActiveCfg = Debug|Any CPU
		{6F4EB91C-3861-4566-B36F-6E2329CFF827}.Debug|iPhone.Build.0 = Debug|Any CPU
		{6F4EB91C-3861-4566-B36F-6E2329CFF827}.Debug|iPhoneSimulator.ActiveCfg = Debug|Any CPU
		{6F4EB91C-3861-4566-B36F-6E2329CFF827}.Debug|iPhoneSimulator.Build.0 = Debug|Any CPU
		{6F4EB91C-3861-4566-B36F-6E2329CFF827}.Debug|x64.ActiveCfg = Debug|Any CPU
		{6F4EB91C-3861-4566-B36F-6E2329CFF827}.Debug|x64.Build.0 = Debug|Any CPU
		{6F4EB91C-3861-4566-B36F-6E2329CFF827}.Debug|x86.ActiveCfg = Debug|Any CPU
		{6F4EB91C-3861-4566-B36F-6E2329CFF827}.Debug|x86.Build.0 = Debug|Any CPU
		{6F4EB91C-3861-4566-B36F-6E2329CFF827}.Release|Any CPU.ActiveCfg = Release|Any CPU
		{6F4EB91C-3861-4566-B36F-6E2329CFF827}.Release|Any CPU.Build.0 = Release|Any CPU
		{6F4EB91C-3861-4566-B36F-6E2329CFF827}.Release|arm.ActiveCfg = Release|Any CPU
		{6F4EB91C-3861-4566-B36F-6E2329CFF827}.Release|arm.Build.0 = Release|Any CPU
		{6F4EB91C-3861-4566-B36F-6E2329CFF827}.Release|arm64.ActiveCfg = Release|Any CPU
		{6F4EB91C-3861-4566-B36F-6E2329CFF827}.Release|arm64.Build.0 = Release|Any CPU
		{6F4EB91C-3861-4566-B36F-6E2329CFF827}.Release|iPhone.ActiveCfg = Release|Any CPU
		{6F4EB91C-3861-4566-B36F-6E2329CFF827}.Release|iPhone.Build.0 = Release|Any CPU
		{6F4EB91C-3861-4566-B36F-6E2329CFF827}.Release|iPhoneSimulator.ActiveCfg = Release|Any CPU
		{6F4EB91C-3861-4566-B36F-6E2329CFF827}.Release|iPhoneSimulator.Build.0 = Release|Any CPU
		{6F4EB91C-3861-4566-B36F-6E2329CFF827}.Release|x64.ActiveCfg = Release|Any CPU
		{6F4EB91C-3861-4566-B36F-6E2329CFF827}.Release|x64.Build.0 = Release|Any CPU
		{6F4EB91C-3861-4566-B36F-6E2329CFF827}.Release|x86.ActiveCfg = Release|Any CPU
		{6F4EB91C-3861-4566-B36F-6E2329CFF827}.Release|x86.Build.0 = Release|Any CPU
	EndGlobalSection
	GlobalSection(SolutionProperties) = preSolution
		HideSolutionNode = FALSE
	EndGlobalSection
	GlobalSection(ExtensibilityGlobals) = postSolution
		SolutionGuid = {7114B199-A22D-413D-9F38-9CBB99544DC8}
	EndGlobalSection
EndGlobal
